# This file is automatically @generated by Poetry 2.1.1 and should not be changed by hand.

[[package]]
name = "anyio"
version = "4.9.0"
description = "High level compatibility layer for multiple asynchronous event loop implementations"
optional = false
python-versions = ">=3.9"
groups = ["main"]
files = [
    {file = "anyio-4.9.0-py3-none-any.whl", hash = "sha256:9f76d541cad6e36af7beb62e978876f3b41e3e04f2c1fbf0884604c0a9c4d93c"},
    {file = "anyio-4.9.0.tar.gz", hash = "sha256:673c0c244e15788651a4ff38710fea9675823028a6f08a5eda409e0c9840a028"},
]

[package.dependencies]
idna = ">=2.8"
sniffio = ">=1.1"

[package.extras]
doc = ["Sphinx (>=8.2,<9.0)", "packaging", "sphinx-autodoc-typehints (>=1.2.0)", "sphinx_rtd_theme"]
test = ["anyio[trio]", "blockbuster (>=1.5.23)", "coverage[toml] (>=7)", "exceptiongroup (>=1.2.0)", "hypothesis (>=4.0)", "psutil (>=5.9)", "pytest (>=7.0)", "trustme", "truststore (>=0.9.1) ; python_version >= \"3.10\"", "uvloop (>=0.21) ; platform_python_implementation == \"CPython\" and platform_system != \"Windows\" and python_version < \"3.14\""]
trio = ["trio (>=0.26.1)"]

[[package]]
name = "certifi"
version = "2025.1.31"
description = "Python package for providing Mozilla's CA Bundle."
optional = false
python-versions = ">=3.6"
groups = ["main"]
files = [
    {file = "certifi-2025.1.31-py3-none-any.whl", hash = "sha256:ca78db4565a652026a4db2bcdf68f2fb589ea80d0be70e03929ed730746b84fe"},
    {file = "certifi-2025.1.31.tar.gz", hash = "sha256:3d5da6925056f6f18f119200434a4780a94263f10d1c21d032a6f6b2baa20651"},
]

[[package]]
name = "colorama"
version = "0.4.6"
description = "Cross-platform colored terminal text."
optional = false
python-versions = "!=3.0.*,!=3.1.*,!=3.2.*,!=3.3.*,!=3.4.*,!=3.5.*,!=3.6.*,>=2.7"
groups = ["main"]
markers = "platform_system == \"Windows\""
files = [
    {file = "colorama-0.4.6-py2.py3-none-any.whl", hash = "sha256:4f1d9991f5acc0ca119f9d443620b77f9d6b33703e51011c16baf57afb285fc6"},
    {file = "colorama-0.4.6.tar.gz", hash = "sha256:08695f5cb7ed6e0531a20572697297273c47b8cae5a63ffc6d6ed5c201be6e44"},
]

[[package]]
name = "h11"
version = "0.14.0"
description = "A pure-Python, bring-your-own-I/O implementation of HTTP/1.1"
optional = false
python-versions = ">=3.7"
groups = ["main"]
files = [
    {file = "h11-0.14.0-py3-none-any.whl", hash = "sha256:e3fe4ac4b851c468cc8363d500db52c2ead036020723024a109d37346efaa761"},
    {file = "h11-0.14.0.tar.gz", hash = "sha256:8f19fbbe99e72420ff35c00b27a34cb9937e902a8b810e2c88300c6f0a3b699d"},
]

[[package]]
name = "httpcore"
version = "1.0.8"
description = "A minimal low-level HTTP client."
optional = false
python-versions = ">=3.8"
groups = ["main"]
files = [
    {file = "httpcore-1.0.8-py3-none-any.whl", hash = "sha256:5254cf149bcb5f75e9d1b2b9f729ea4a4b883d1ad7379fc632b727cec23674be"},
    {file = "httpcore-1.0.8.tar.gz", hash = "sha256:86e94505ed24ea06514883fd44d2bc02d90e77e7979c8eb71b90f41d364a1bad"},
]

[package.dependencies]
certifi = "*"
h11 = ">=0.13,<0.15"

[package.extras]
asyncio = ["anyio (>=4.0,<5.0)"]
http2 = ["h2 (>=3,<5)"]
socks = ["socksio (==1.*)"]
trio = ["trio (>=0.22.0,<1.0)"]

[[package]]
name = "httpx"
version = "0.28.1"
description = "The next generation HTTP client."
optional = false
python-versions = ">=3.8"
groups = ["main"]
files = [
    {file = "httpx-0.28.1-py3-none-any.whl", hash = "sha256:d909fcccc110f8c7faf814ca82a9a4d816bc5a6dbfea25d6591d6985b8ba59ad"},
    {file = "httpx-0.28.1.tar.gz", hash = "sha256:75e98c5f16b0f35b567856f597f06ff2270a374470a5c2392242528e3e3e42fc"},
]

[package.dependencies]
anyio = "*"
certifi = "*"
httpcore = "==1.*"
idna = "*"

[package.extras]
brotli = ["brotli ; platform_python_implementation == \"CPython\"", "brotlicffi ; platform_python_implementation != \"CPython\""]
cli = ["click (==8.*)", "pygments (==2.*)", "rich (>=10,<14)"]
http2 = ["h2 (>=3,<5)"]
socks = ["socksio (==1.*)"]
zstd = ["zstandard (>=0.18.0)"]

[[package]]
name = "idna"
version = "3.10"
description = "Internationalized Domain Names in Applications (IDNA)"
optional = false
python-versions = ">=3.6"
groups = ["main"]
files = [
    {file = "idna-3.10-py3-none-any.whl", hash = "sha256:946d195a0d259cbba61165e88e65941f16e9b36ea6ddb97f00452bae8b1287d3"},
    {file = "idna-3.10.tar.gz", hash = "sha256:12f65c9b470abda6dc35cf8e63cc574b1c52b11df2c86030af0ac09b01b13ea9"},
]

[package.extras]
all = ["flake8 (>=7.1.1)", "mypy (>=1.11.2)", "pytest (>=8.3.2)", "ruff (>=0.6.2)"]

[[package]]
name = "modwrap"
version = "1.0.4"
description = "Python module wrapper for dynamic loading and callable signature validation."
optional = false
python-versions = "<4.0,>=3.13"
groups = ["main"]
files = [
    {file = "modwrap-1.0.4-py3-none-any.whl", hash = "sha256:a77701a8d3fa377b221bbbf1fb8382dd5c53caaf2901b3aa6a2a716698ce4962"},
    {file = "modwrap-1.0.4.tar.gz", hash = "sha256:da20ba3a47fa0beae0f5d32a579181a5fa2e817716e91cce520bb8d203db9f31"},
]

[[package]]
name = "prompt-toolkit"
version = "3.0.51"
description = "Library for building powerful interactive command lines in Python"
optional = false
python-versions = ">=3.8"
groups = ["main"]
files = [
    {file = "prompt_toolkit-3.0.51-py3-none-any.whl", hash = "sha256:52742911fde84e2d423e2f9a4cf1de7d7ac4e51958f648d9540e0fb8db077b07"},
    {file = "prompt_toolkit-3.0.51.tar.gz", hash = "sha256:931a162e3b27fc90c86f1b48bb1fb2c528c2761475e57c9c06de13311c7b54ed"},
]

[package.dependencies]
wcwidth = "*"

[[package]]
name = "pycryptodomex"
version = "3.22.0"
description = "Cryptographic library for Python"
optional = false
python-versions = "!=3.0.*,!=3.1.*,!=3.2.*,!=3.3.*,!=3.4.*,!=3.5.*,!=3.6.*,>=2.7"
groups = ["main"]
files = [
    {file = "pycryptodomex-3.22.0-cp27-cp27m-macosx_10_9_x86_64.whl", hash = "sha256:41673e5cc39a8524557a0472077635d981172182c9fe39ce0b5f5c19381ffaff"},
    {file = "pycryptodomex-3.22.0-cp27-cp27m-manylinux2010_i686.whl", hash = "sha256:276be1ed006e8fd01bba00d9bd9b60a0151e478033e86ea1cb37447bbc057edc"},
    {file = "pycryptodomex-3.22.0-cp27-cp27m-manylinux2010_x86_64.whl", hash = "sha256:813e57da5ceb4b549bab96fa548781d9a63f49f1d68fdb148eeac846238056b7"},
    {file = "pycryptodomex-3.22.0-cp27-cp27m-win32.whl", hash = "sha256:d7beeacb5394765aa8dabed135389a11ee322d3ee16160d178adc7f8ee3e1f65"},
    {file = "pycryptodomex-3.22.0-cp27-cp27mu-manylinux2010_i686.whl", hash = "sha256:b3746dedf74787da43e4a2f85bd78f5ec14d2469eb299ddce22518b3891f16ea"},
    {file = "pycryptodomex-3.22.0-cp27-cp27mu-manylinux2010_x86_64.whl", hash = "sha256:5ebc09b7d8964654aaf8a4f5ac325f2b0cc038af9bea12efff0cd4a5bb19aa42"},
    {file = "pycryptodomex-3.22.0-cp37-abi3-macosx_10_9_universal2.whl", hash = "sha256:aef4590263b9f2f6283469e998574d0bd45c14fb262241c27055b82727426157"},
    {file = "pycryptodomex-3.22.0-cp37-abi3-macosx_10_9_x86_64.whl", hash = "sha256:5ac608a6dce9418d4f300fab7ba2f7d499a96b462f2b9b5c90d8d994cd36dcad"},
    {file = "pycryptodomex-3.22.0-cp37-abi3-manylinux_2_17_aarch64.manylinux2014_aarch64.whl", hash = "sha256:7a24f681365ec9757ccd69b85868bbd7216ba451d0f86f6ea0eed75eeb6975db"},
    {file = "pycryptodomex-3.22.0-cp37-abi3-manylinux_2_17_x86_64.manylinux2014_x86_64.whl", hash = "sha256:259664c4803a1fa260d5afb322972813c5fe30ea8b43e54b03b7e3a27b30856b"},
    {file = "pycryptodomex-3.22.0-cp37-abi3-manylinux_2_5_i686.manylinux1_i686.manylinux_2_17_i686.manylinux2014_i686.whl", hash = "sha256:7127d9de3c7ce20339e06bcd4f16f1a1a77f1471bcf04e3b704306dde101b719"},
    {file = "pycryptodomex-3.22.0-cp37-abi3-musllinux_1_2_aarch64.whl", hash = "sha256:ee75067b35c93cc18b38af47b7c0664998d8815174cfc66dd00ea1e244eb27e6"},
    {file = "pycryptodomex-3.22.0-cp37-abi3-musllinux_1_2_i686.whl", hash = "sha256:1a8b0c5ba061ace4bcd03496d42702c3927003db805b8ec619ea6506080b381d"},
    {file = "pycryptodomex-3.22.0-cp37-abi3-musllinux_1_2_x86_64.whl", hash = "sha256:bfe4fe3233ef3e58028a3ad8f28473653b78c6d56e088ea04fe7550c63d4d16b"},
    {file = "pycryptodomex-3.22.0-cp37-abi3-win32.whl", hash = "sha256:2cac9ed5c343bb3d0075db6e797e6112514764d08d667c74cb89b931aac9dddd"},
    {file = "pycryptodomex-3.22.0-cp37-abi3-win_amd64.whl", hash = "sha256:ff46212fda7ee86ec2f4a64016c994e8ad80f11ef748131753adb67e9b722ebd"},
    {file = "pycryptodomex-3.22.0-pp27-pypy_73-manylinux2010_x86_64.whl", hash = "sha256:5bf3ce9211d2a9877b00b8e524593e2209e370a287b3d5e61a8c45f5198487e2"},
    {file = "pycryptodomex-3.22.0-pp27-pypy_73-win32.whl", hash = "sha256:684cb57812cd243217c3d1e01a720c5844b30f0b7b64bb1a49679f7e1e8a54ac"},
    {file = "pycryptodomex-3.22.0-pp310-pypy310_pp73-macosx_10_15_x86_64.whl", hash = "sha256:c8cffb03f5dee1026e3f892f7cffd79926a538c67c34f8b07c90c0bd5c834e27"},
    {file = "pycryptodomex-3.22.0-pp310-pypy310_pp73-manylinux_2_17_aarch64.manylinux2014_aarch64.whl", hash = "sha256:140b27caa68a36d0501b05eb247bd33afa5f854c1ee04140e38af63c750d4e39"},
    {file = "pycryptodomex-3.22.0-pp310-pypy310_pp73-manylinux_2_17_x86_64.manylinux2014_x86_64.whl", hash = "sha256:644834b1836bb8e1d304afaf794d5ae98a1d637bd6e140c9be7dd192b5374811"},
    {file = "pycryptodomex-3.22.0-pp310-pypy310_pp73-manylinux_2_5_i686.manylinux1_i686.manylinux_2_17_i686.manylinux2014_i686.whl", hash = "sha256:72c506aba3318505dbeecf821ed7b9a9f86f422ed085e2d79c4fba0ae669920a"},
    {file = "pycryptodomex-3.22.0-pp310-pypy310_pp73-win_amd64.whl", hash = "sha256:7cd39f7a110c1ab97ce9ee3459b8bc615920344dc00e56d1b709628965fba3f2"},
    {file = "pycryptodomex-3.22.0-pp39-pypy39_pp73-macosx_10_15_x86_64.whl", hash = "sha256:e4eaaf6163ff13788c1f8f615ad60cdc69efac6d3bf7b310b21e8cfe5f46c801"},
    {file = "pycryptodomex-3.22.0-pp39-pypy39_pp73-manylinux_2_17_aarch64.manylinux2014_aarch64.whl", hash = "sha256:eac39e237d65981554c2d4c6668192dc7051ad61ab5fc383ed0ba049e4007ca2"},
    {file = "pycryptodomex-3.22.0-pp39-pypy39_pp73-manylinux_2_17_x86_64.manylinux2014_x86_64.whl", hash = "sha256:1ab0d89d1761959b608952c7b347b0e76a32d1a5bb278afbaa10a7f3eaef9a0a"},
    {file = "pycryptodomex-3.22.0-pp39-pypy39_pp73-manylinux_2_5_i686.manylinux1_i686.manylinux_2_17_i686.manylinux2014_i686.whl", hash = "sha256:5e64164f816f5e43fd69f8ed98eb28f98157faf68208cd19c44ed9d8e72d33e8"},
    {file = "pycryptodomex-3.22.0-pp39-pypy39_pp73-win_amd64.whl", hash = "sha256:f005de31efad6f9acefc417296c641f13b720be7dbfec90edeaca601c0fab048"},
    {file = "pycryptodomex-3.22.0.tar.gz", hash = "sha256:a1da61bacc22f93a91cbe690e3eb2022a03ab4123690ab16c46abb693a9df63d"},
]

[[package]]
name = "sniffio"
version = "1.3.1"
description = "Sniff out which async library your code is running under"
optional = false
python-versions = ">=3.7"
groups = ["main"]
files = [
    {file = "sniffio-1.3.1-py3-none-any.whl", hash = "sha256:2f6da418d1f1e0fddd844478f41680e794e6051915791a034ff65e5f100525a2"},
    {file = "sniffio-1.3.1.tar.gz", hash = "sha256:f4324edc670a0f49750a81b895f35c3adb843cca46f0530f79fc1babb23789dc"},
]

[[package]]
name = "tqdm"
version = "4.67.1"
description = "Fast, Extensible Progress Meter"
optional = false
python-versions = ">=3.7"
groups = ["main"]
files = [
    {file = "tqdm-4.67.1-py3-none-any.whl", hash = "sha256:26445eca388f82e72884e0d580d5464cd801a3ea01e63e5601bdff9ba6a48de2"},
    {file = "tqdm-4.67.1.tar.gz", hash = "sha256:f8aef9c52c08c13a65f30ea34f4e5aac3fd1a34959879d7e59e63027286627f2"},
]

[package.dependencies]
colorama = {version = "*", markers = "platform_system == \"Windows\""}

[package.extras]
dev = ["nbval", "pytest (>=6)", "pytest-asyncio (>=0.24)", "pytest-cov", "pytest-timeout"]
discord = ["requests"]
notebook = ["ipywidgets (>=6)"]
slack = ["slack-sdk"]
telegram = ["requests"]

[[package]]
name = "wcwidth"
version = "0.2.13"
description = "Measures the displayed width of unicode strings in a terminal"
optional = false
python-versions = "*"
groups = ["main"]
files = [
    {file = "wcwidth-0.2.13-py2.py3-none-any.whl", hash = "sha256:3da69048e4540d84af32131829ff948f1e022c1c6bdb8d6102117aac784f6859"},
    {file = "wcwidth-0.2.13.tar.gz", hash = "sha256:72ea0c06399eb286d978fdedb6923a9eb47e1c486ce63e9b4e64fc18303972b5"},
]

[[package]]
name = "wonderwords"
version = "2.2.0"
description = "A python package for random words and sentences in the english language"
optional = false
python-versions = ">=3.6"
groups = ["main"]
files = [
    {file = "wonderwords-2.2.0-py3-none-any.whl", hash = "sha256:65fc665f1f5590e98f6d9259414ea036bf1b6dd83e51aa6ba44473c99ca92da1"},
    {file = "wonderwords-2.2.0.tar.gz", hash = "sha256:0b7ec6f591062afc55603bfea71463afbab06794b3064d9f7b04d0ce251a13d0"},
]

[package.extras]
cli = ["rich (==9.10.0)"]

[metadata]
lock-version = "2.1"
python-versions = ">=3.13,<4.0"
content-hash = "d154a08a1adc75545d86501d150e6587161bba9d2db318162ac84fb1a797d940"
